
Microsoft Visual Studio Solution File, Format Version 12.00
# Visual Studio 15
Project("{FAE04EC0-301F-11D3-BF4B-00C04F79EFBC}") = "DotNetCore", "DotNetCore.csproj", "{991341D9-2166-4E1C-BAC8-4AF1B51BC354}"
EndProject
Global
	GlobalSection(SolutionConfigurationPlatforms) = preSolution
		Debug|Any CPU = Debug|Any CPU
		Release|Any CPU = Release|Any CPU
	EndGlobalSection
	GlobalSection(ProjectConfigurationPlatforms) = postSolution
		{991341D9-2166-4E1C-BAC8-4AF1B51BC354}.Debug|Any CPU.ActiveCfg = Debug|Any CPU
		{991341D9-2166-4E1C-BAC8-4AF1B51BC354}.Debug|Any CPU.Build.0 = Debug|Any CPU
		{991341D9-2166-4E1C-BAC8-4AF1B51BC354}.Release|Any CPU.ActiveCfg = Release|Any CPU
		{991341D9-2166-4E1C-BAC8-4AF1B51BC354}.Release|Any CPU.Build.0 = Release|Any CPU
	EndGlobalSection
EndGlobal
